
Microsoft Visual Studio Solution File, Format Version 12.00
# Visual Studio Version 17
VisualStudioVersion = 17.10.35013.160
MinimumVisualStudioVersion = 10.0.40219.1
Project("{9A19103F-16F7-4668-BE54-9A1E7A4F7556}") = "L01_Intro", "HelloWorld\L01_Intro.csproj", "{4235AAE6-6C1F-4F80-B9A4-2D4543501906}"
EndProject
Project("{9A19103F-16F7-4668-BE54-9A1E7A4F7556}") = "StringLibary", "StringLibary\StringLibary.csproj", "{CA3E86E4-2421-410A-A6A4-5E0492FF4F82}"
EndProject
Project("{9A19103F-16F7-4668-BE54-9A1E7A4F7556}") = "MyLibrary", "MyLibrary\MyLibrary.csproj", "{A9F48A1A-BD97-47B2-B790-4BAC6185F158}"
EndProject
Project("{2150E333-8FDC-42A3-9474-1A3956D46DE8}") = "Lektion2", "Lektion2", "{5485D574-0A32-4E44-9836-801DA7D317F2}"
	ProjectSection(SolutionItems) = preProject
		Opgave1 = Opgave1
	EndProjectSection
EndProject
Project("{9A19103F-16F7-4668-BE54-9A1E7A4F7556}") = "L03_Objektorientering", "Lektion3\L03_Objektorientering.csproj", "{08AD2452-9EC6-49D4-AA8E-E867576568B2}"
EndProject
Project("{9A19103F-16F7-4668-BE54-9A1E7A4F7556}") = "L04_Delegates", "L04_Delegates\L04_Delegates.csproj", "{AD144B2A-C97A-43E0-B6AF-C99B14E801C0}"
EndProject
Project("{9A19103F-16F7-4668-BE54-9A1E7A4F7556}") = "L05_LINQ", "L05_LINQ\L05_LINQ.csproj", "{EA11DB3E-525F-46AB-B009-69F6E5B42948}"
EndProject
Project("{9A19103F-16F7-4668-BE54-9A1E7A4F7556}") = "L06_MVC", "L06_MVC\L06_MVC.csproj", "{D116DB70-8368-4FCC-9119-B8E4D188E098}"
EndProject
Project("{9A19103F-16F7-4668-BE54-9A1E7A4F7556}") = "L07_HTML_Helperss", "L07_HTML_Helperss\L07_HTML_Helperss.csproj", "{4472AB17-CBBB-4CD3-B468-1D09C340CE4B}"
EndProject
Project("{9A19103F-16F7-4668-BE54-9A1E7A4F7556}") = "L08_Layout__mm", "L08_Layout__mm\L08_Layout__mm.csproj", "{09F31594-8D98-4E82-868E-A3AAA7669CA1}"
EndProject
Project("{9A19103F-16F7-4668-BE54-9A1E7A4F7556}") = "L08_PartialView_ViewComponent", "L08_PartialView_ViewComponent\L08_PartialView_ViewComponent.csproj", "{FA6C521B-425B-4012-8B85-5B633DF8287D}"
EndProject
Project("{9A19103F-16F7-4668-BE54-9A1E7A4F7556}") = "L09_WEB_API", "L09_WEB_API\L09_WEB_API.csproj", "{3A0B79AF-DE4E-4834-A16D-91BAB2EAEAB2}"
EndProject
Project("{9A19103F-16F7-4668-BE54-9A1E7A4F7556}") = "L09_Web_API_Klient", "L09_Wep_API_Klient\L09_Web_API_Klient.csproj", "{D8938DBD-C48F-42B2-B8A6-0E802039F02C}"
EndProject
Project("{9A19103F-16F7-4668-BE54-9A1E7A4F7556}") = "L10_Entity_Framework", "L10_Entity_Framework\L10_Entity_Framework.csproj", "{C1BBF6AB-341A-447A-8FFE-BD1884AAED1A}"
EndProject
Project("{9A19103F-16F7-4668-BE54-9A1E7A4F7556}") = "L11MAUI", "L11MAUI\L11MAUI.csproj", "{444625E0-3F46-4950-AC3C-0C0E5E101F3D}"
EndProject
Project("{9A19103F-16F7-4668-BE54-9A1E7A4F7556}") = "L11MAUIOpg6", "L11MAUIOpg6\L11MAUIOpg6.csproj", "{08CACE3C-E6EF-493C-9407-D6ACC22A441A}"
EndProject
Project("{2150E333-8FDC-42A3-9474-1A3956D46DE8}") = "L11MAUII", "L11MAUII", "{3B7835F0-679D-4921-A3D7-F0814B3BB853}"
EndProject
Project("{9A19103F-16F7-4668-BE54-9A1E7A4F7556}") = "L11MAUIOpg8", "L11MAUIOpg8\L11MAUIOpg8.csproj", "{C29373B7-703A-43E2-B082-8F9EAC91C2A8}"
EndProject
Project("{2150E333-8FDC-42A3-9474-1A3956D46DE8}") = "L12MAUIBinding", "L12MAUIBinding", "{60200805-CFE2-42E7-A2DD-DC51B5E8E0B3}"
EndProject
Project("{9A19103F-16F7-4668-BE54-9A1E7A4F7556}") = "MAUI2Opg1", "MAUI2Opg1\MAUI2Opg1.csproj", "{E621A285-163F-4333-9637-2100FA8049C7}"
EndProject
Project("{9A19103F-16F7-4668-BE54-9A1E7A4F7556}") = "MAUI2Opg4", "MAUI2Opg4\MAUI2Opg4.csproj", "{064BCAC0-53A4-4E70-B615-69CC5CC5D65A}"
EndProject
Project("{9A19103F-16F7-4668-BE54-9A1E7A4F7556}") = "SUM_Lommeregner", "SUM_Lommeregner\SUM_Lommeregner.csproj", "{F322C06E-1F32-4D39-85DD-391EB0BE8B0B}"
EndProject
Project("{2150E333-8FDC-42A3-9474-1A3956D46DE8}") = "L13TLA", "L13TLA", "{B12E8372-6E7F-41A2-A22D-123213DBCC1D}"
EndProject
Project("{FAE04EC0-301F-11D3-BF4B-00C04F79EFBC}") = "DTO", "DTO\DTO.csproj", "{72844204-4590-4984-9B6C-70DF67EC5B24}"
EndProject
Project("{9A19103F-16F7-4668-BE54-9A1E7A4F7556}") = "DataAccessStuderende2", "DataAccessStuderende2\DataAccessStuderende2.csproj", "{3699C786-71A6-47AE-ADEB-025589FD38D6}"
EndProject
Project("{9A19103F-16F7-4668-BE54-9A1E7A4F7556}") = "BussinessLogic", "BussinessLogic\BussinessLogic.csproj", "{3E1B80B8-932C-4E02-B8CF-767E0CE8D652}"
EndProject
Project("{9A19103F-16F7-4668-BE54-9A1E7A4F7556}") = "Studerende_GUI", "Studerende_GUI\Studerende_GUI.csproj", "{0A2FE51E-D9E9-47AF-BA45-2C095B51B836}"
EndProject
Project("{2150E333-8FDC-42A3-9474-1A3956D46DE8}") = "EksamensProjekt", "EksamensProjekt", "{7A2440F4-3431-43EC-842C-F420B886D769}"
EndProject
Project("{FAE04EC0-301F-11D3-BF4B-00C04F79EFBC}") = "MVCGUI", "GUI\MVCGUI.csproj", "{A1A85B9C-BF4B-4FC1-B1E3-56B92AC6939D}"
EndProject
Project("{FAE04EC0-301F-11D3-BF4B-00C04F79EFBC}") = "MauiGUI", "MauiGUI\MauiGUI.csproj", "{8AD53178-CF5C-4612-87AB-8AD7C3540DBE}"
EndProject
Project("{FAE04EC0-301F-11D3-BF4B-00C04F79EFBC}") = "BLL", "BLL\BLL.csproj", "{E3B32990-A809-42F0-A0BB-F656E2103822}"
EndProject
Project("{FAE04EC0-301F-11D3-BF4B-00C04F79EFBC}") = "DTOL", "DTOL\DTOL.csproj", "{95145BDA-6D16-46A8-A151-B2ED6B3B8CF4}"
EndProject
Project("{FAE04EC0-301F-11D3-BF4B-00C04F79EFBC}") = "DataAccess", "DataAccess\DataAccess.csproj", "{749CC264-A26A-448B-8437-D7419A8F6578}"
EndProject
Global
	GlobalSection(SolutionConfigurationPlatforms) = preSolution
		Debug|Any CPU = Debug|Any CPU
		Release|Any CPU = Release|Any CPU
	EndGlobalSection
	GlobalSection(ProjectConfigurationPlatforms) = postSolution
		{4235AAE6-6C1F-4F80-B9A4-2D4543501906}.Debug|Any CPU.ActiveCfg = Debug|Any CPU
		{4235AAE6-6C1F-4F80-B9A4-2D4543501906}.Debug|Any CPU.Build.0 = Debug|Any CPU
		{4235AAE6-6C1F-4F80-B9A4-2D4543501906}.Release|Any CPU.ActiveCfg = Release|Any CPU
		{4235AAE6-6C1F-4F80-B9A4-2D4543501906}.Release|Any CPU.Build.0 = Release|Any CPU
		{CA3E86E4-2421-410A-A6A4-5E0492FF4F82}.Debug|Any CPU.ActiveCfg = Debug|Any CPU
		{CA3E86E4-2421-410A-A6A4-5E0492FF4F82}.Debug|Any CPU.Build.0 = Debug|Any CPU
		{CA3E86E4-2421-410A-A6A4-5E0492FF4F82}.Release|Any CPU.ActiveCfg = Release|Any CPU
		{CA3E86E4-2421-410A-A6A4-5E0492FF4F82}.Release|Any CPU.Build.0 = Release|Any CPU
		{A9F48A1A-BD97-47B2-B790-4BAC6185F158}.Debug|Any CPU.ActiveCfg = Debug|Any CPU
		{A9F48A1A-BD97-47B2-B790-4BAC6185F158}.Debug|Any CPU.Build.0 = Debug|Any CPU
		{A9F48A1A-BD97-47B2-B790-4BAC6185F158}.Release|Any CPU.ActiveCfg = Release|Any CPU
		{A9F48A1A-BD97-47B2-B790-4BAC6185F158}.Release|Any CPU.Build.0 = Release|Any CPU
		{08AD2452-9EC6-49D4-AA8E-E867576568B2}.Debug|Any CPU.ActiveCfg = Debug|Any CPU
		{08AD2452-9EC6-49D4-AA8E-E867576568B2}.Debug|Any CPU.Build.0 = Debug|Any CPU
		{08AD2452-9EC6-49D4-AA8E-E867576568B2}.Release|Any CPU.ActiveCfg = Release|Any CPU
		{08AD2452-9EC6-49D4-AA8E-E867576568B2}.Release|Any CPU.Build.0 = Release|Any CPU
		{AD144B2A-C97A-43E0-B6AF-C99B14E801C0}.Debug|Any CPU.ActiveCfg = Debug|Any CPU
		{AD144B2A-C97A-43E0-B6AF-C99B14E801C0}.Debug|Any CPU.Build.0 = Debug|Any CPU
		{AD144B2A-C97A-43E0-B6AF-C99B14E801C0}.Release|Any CPU.ActiveCfg = Release|Any CPU
		{AD144B2A-C97A-43E0-B6AF-C99B14E801C0}.Release|Any CPU.Build.0 = Release|Any CPU
		{EA11DB3E-525F-46AB-B009-69F6E5B42948}.Debug|Any CPU.ActiveCfg = Debug|Any CPU
		{EA11DB3E-525F-46AB-B009-69F6E5B42948}.Debug|Any CPU.Build.0 = Debug|Any CPU
		{EA11DB3E-525F-46AB-B009-69F6E5B42948}.Release|Any CPU.ActiveCfg = Release|Any CPU
		{EA11DB3E-525F-46AB-B009-69F6E5B42948}.Release|Any CPU.Build.0 = Release|Any CPU
		{D116DB70-8368-4FCC-9119-B8E4D188E098}.Debug|Any CPU.ActiveCfg = Debug|Any CPU
		{D116DB70-8368-4FCC-9119-B8E4D188E098}.Debug|Any CPU.Build.0 = Debug|Any CPU
		{D116DB70-8368-4FCC-9119-B8E4D188E098}.Release|Any CPU.ActiveCfg = Release|Any CPU
		{D116DB70-8368-4FCC-9119-B8E4D188E098}.Release|Any CPU.Build.0 = Release|Any CPU
		{4472AB17-CBBB-4CD3-B468-1D09C340CE4B}.Debug|Any CPU.ActiveCfg = Debug|Any CPU
		{4472AB17-CBBB-4CD3-B468-1D09C340CE4B}.Debug|Any CPU.Build.0 = Debug|Any CPU
		{4472AB17-CBBB-4CD3-B468-1D09C340CE4B}.Release|Any CPU.ActiveCfg = Release|Any CPU
		{4472AB17-CBBB-4CD3-B468-1D09C340CE4B}.Release|Any CPU.Build.0 = Release|Any CPU
		{09F31594-8D98-4E82-868E-A3AAA7669CA1}.Debug|Any CPU.ActiveCfg = Debug|Any CPU
		{09F31594-8D98-4E82-868E-A3AAA7669CA1}.Debug|Any CPU.Build.0 = Debug|Any CPU
		{09F31594-8D98-4E82-868E-A3AAA7669CA1}.Release|Any CPU.ActiveCfg = Release|Any CPU
		{09F31594-8D98-4E82-868E-A3AAA7669CA1}.Release|Any CPU.Build.0 = Release|Any CPU
		{FA6C521B-425B-4012-8B85-5B633DF8287D}.Debug|Any CPU.ActiveCfg = Debug|Any CPU
		{FA6C521B-425B-4012-8B85-5B633DF8287D}.Debug|Any CPU.Build.0 = Debug|Any CPU
		{FA6C521B-425B-4012-8B85-5B633DF8287D}.Release|Any CPU.ActiveCfg = Release|Any CPU
		{FA6C521B-425B-4012-8B85-5B633DF8287D}.Release|Any CPU.Build.0 = Release|Any CPU
		{3A0B79AF-DE4E-4834-A16D-91BAB2EAEAB2}.Debug|Any CPU.ActiveCfg = Debug|Any CPU
		{3A0B79AF-DE4E-4834-A16D-91BAB2EAEAB2}.Debug|Any CPU.Build.0 = Debug|Any CPU
		{3A0B79AF-DE4E-4834-A16D-91BAB2EAEAB2}.Release|Any CPU.ActiveCfg = Release|Any CPU
		{3A0B79AF-DE4E-4834-A16D-91BAB2EAEAB2}.Release|Any CPU.Build.0 = Release|Any CPU
		{D8938DBD-C48F-42B2-B8A6-0E802039F02C}.Debug|Any CPU.ActiveCfg = Debug|Any CPU
		{D8938DBD-C48F-42B2-B8A6-0E802039F02C}.Debug|Any CPU.Build.0 = Debug|Any CPU
		{D8938DBD-C48F-42B2-B8A6-0E802039F02C}.Release|Any CPU.ActiveCfg = Release|Any CPU
		{D8938DBD-C48F-42B2-B8A6-0E802039F02C}.Release|Any CPU.Build.0 = Release|Any CPU
		{C1BBF6AB-341A-447A-8FFE-BD1884AAED1A}.Debug|Any CPU.ActiveCfg = Debug|Any CPU
		{C1BBF6AB-341A-447A-8FFE-BD1884AAED1A}.Debug|Any CPU.Build.0 = Debug|Any CPU
		{C1BBF6AB-341A-447A-8FFE-BD1884AAED1A}.Release|Any CPU.ActiveCfg = Release|Any CPU
		{C1BBF6AB-341A-447A-8FFE-BD1884AAED1A}.Release|Any CPU.Build.0 = Release|Any CPU
		{444625E0-3F46-4950-AC3C-0C0E5E101F3D}.Debug|Any CPU.ActiveCfg = Debug|Any CPU
		{444625E0-3F46-4950-AC3C-0C0E5E101F3D}.Debug|Any CPU.Build.0 = Debug|Any CPU
		{444625E0-3F46-4950-AC3C-0C0E5E101F3D}.Debug|Any CPU.Deploy.0 = Debug|Any CPU
		{444625E0-3F46-4950-AC3C-0C0E5E101F3D}.Release|Any CPU.ActiveCfg = Release|Any CPU
		{444625E0-3F46-4950-AC3C-0C0E5E101F3D}.Release|Any CPU.Build.0 = Release|Any CPU
		{444625E0-3F46-4950-AC3C-0C0E5E101F3D}.Release|Any CPU.Deploy.0 = Release|Any CPU
		{08CACE3C-E6EF-493C-9407-D6ACC22A441A}.Debug|Any CPU.ActiveCfg = Debug|Any CPU
		{08CACE3C-E6EF-493C-9407-D6ACC22A441A}.Debug|Any CPU.Build.0 = Debug|Any CPU
		{08CACE3C-E6EF-493C-9407-D6ACC22A441A}.Debug|Any CPU.Deploy.0 = Debug|Any CPU
		{08CACE3C-E6EF-493C-9407-D6ACC22A441A}.Release|Any CPU.ActiveCfg = Release|Any CPU
		{08CACE3C-E6EF-493C-9407-D6ACC22A441A}.Release|Any CPU.Build.0 = Release|Any CPU
		{08CACE3C-E6EF-493C-9407-D6ACC22A441A}.Release|Any CPU.Deploy.0 = Release|Any CPU
		{C29373B7-703A-43E2-B082-8F9EAC91C2A8}.Debug|Any CPU.ActiveCfg = Debug|Any CPU
		{C29373B7-703A-43E2-B082-8F9EAC91C2A8}.Debug|Any CPU.Build.0 = Debug|Any CPU
		{C29373B7-703A-43E2-B082-8F9EAC91C2A8}.Debug|Any CPU.Deploy.0 = Debug|Any CPU
		{C29373B7-703A-43E2-B082-8F9EAC91C2A8}.Release|Any CPU.ActiveCfg = Release|Any CPU
		{C29373B7-703A-43E2-B082-8F9EAC91C2A8}.Release|Any CPU.Build.0 = Release|Any CPU
		{C29373B7-703A-43E2-B082-8F9EAC91C2A8}.Release|Any CPU.Deploy.0 = Release|Any CPU
		{E621A285-163F-4333-9637-2100FA8049C7}.Debug|Any CPU.ActiveCfg = Debug|Any CPU
		{E621A285-163F-4333-9637-2100FA8049C7}.Debug|Any CPU.Build.0 = Debug|Any CPU
		{E621A285-163F-4333-9637-2100FA8049C7}.Debug|Any CPU.Deploy.0 = Debug|Any CPU
		{E621A285-163F-4333-9637-2100FA8049C7}.Release|Any CPU.ActiveCfg = Release|Any CPU
		{E621A285-163F-4333-9637-2100FA8049C7}.Release|Any CPU.Build.0 = Release|Any CPU
		{E621A285-163F-4333-9637-2100FA8049C7}.Release|Any CPU.Deploy.0 = Release|Any CPU
		{064BCAC0-53A4-4E70-B615-69CC5CC5D65A}.Debug|Any CPU.ActiveCfg = Debug|Any CPU
		{064BCAC0-53A4-4E70-B615-69CC5CC5D65A}.Debug|Any CPU.Build.0 = Debug|Any CPU
		{064BCAC0-53A4-4E70-B615-69CC5CC5D65A}.Debug|Any CPU.Deploy.0 = Debug|Any CPU
		{064BCAC0-53A4-4E70-B615-69CC5CC5D65A}.Release|Any CPU.ActiveCfg = Release|Any CPU
		{064BCAC0-53A4-4E70-B615-69CC5CC5D65A}.Release|Any CPU.Build.0 = Release|Any CPU
		{064BCAC0-53A4-4E70-B615-69CC5CC5D65A}.Release|Any CPU.Deploy.0 = Release|Any CPU
		{F322C06E-1F32-4D39-85DD-391EB0BE8B0B}.Debug|Any CPU.ActiveCfg = Debug|Any CPU
		{F322C06E-1F32-4D39-85DD-391EB0BE8B0B}.Debug|Any CPU.Build.0 = Debug|Any CPU
		{F322C06E-1F32-4D39-85DD-391EB0BE8B0B}.Release|Any CPU.ActiveCfg = Release|Any CPU
		{F322C06E-1F32-4D39-85DD-391EB0BE8B0B}.Release|Any CPU.Build.0 = Release|Any CPU
		{72844204-4590-4984-9B6C-70DF67EC5B24}.Debug|Any CPU.ActiveCfg = Debug|Any CPU
		{72844204-4590-4984-9B6C-70DF67EC5B24}.Debug|Any CPU.Build.0 = Debug|Any CPU
		{72844204-4590-4984-9B6C-70DF67EC5B24}.Release|Any CPU.ActiveCfg = Release|Any CPU
		{72844204-4590-4984-9B6C-70DF67EC5B24}.Release|Any CPU.Build.0 = Release|Any CPU
		{3699C786-71A6-47AE-ADEB-025589FD38D6}.Debug|Any CPU.ActiveCfg = Debug|Any CPU
		{3699C786-71A6-47AE-ADEB-025589FD38D6}.Debug|Any CPU.Build.0 = Debug|Any CPU
		{3699C786-71A6-47AE-ADEB-025589FD38D6}.Release|Any CPU.ActiveCfg = Release|Any CPU
		{3699C786-71A6-47AE-ADEB-025589FD38D6}.Release|Any CPU.Build.0 = Release|Any CPU
		{3E1B80B8-932C-4E02-B8CF-767E0CE8D652}.Debug|Any CPU.ActiveCfg = Debug|Any CPU
		{3E1B80B8-932C-4E02-B8CF-767E0CE8D652}.Debug|Any CPU.Build.0 = Debug|Any CPU
		{3E1B80B8-932C-4E02-B8CF-767E0CE8D652}.Release|Any CPU.ActiveCfg = Release|Any CPU
		{3E1B80B8-932C-4E02-B8CF-767E0CE8D652}.Release|Any CPU.Build.0 = Release|Any CPU
		{0A2FE51E-D9E9-47AF-BA45-2C095B51B836}.Debug|Any CPU.ActiveCfg = Debug|Any CPU
		{0A2FE51E-D9E9-47AF-BA45-2C095B51B836}.Debug|Any CPU.Build.0 = Debug|Any CPU
		{0A2FE51E-D9E9-47AF-BA45-2C095B51B836}.Release|Any CPU.ActiveCfg = Release|Any CPU
		{0A2FE51E-D9E9-47AF-BA45-2C095B51B836}.Release|Any CPU.Build.0 = Release|Any CPU
		{A1A85B9C-BF4B-4FC1-B1E3-56B92AC6939D}.Debug|Any CPU.ActiveCfg = Debug|Any CPU
		{A1A85B9C-BF4B-4FC1-B1E3-56B92AC6939D}.Debug|Any CPU.Build.0 = Debug|Any CPU
		{A1A85B9C-BF4B-4FC1-B1E3-56B92AC6939D}.Release|Any CPU.ActiveCfg = Release|Any CPU
		{A1A85B9C-BF4B-4FC1-B1E3-56B92AC6939D}.Release|Any CPU.Build.0 = Release|Any CPU
		{8AD53178-CF5C-4612-87AB-8AD7C3540DBE}.Debug|Any CPU.ActiveCfg = Debug|Any CPU
		{8AD53178-CF5C-4612-87AB-8AD7C3540DBE}.Debug|Any CPU.Build.0 = Debug|Any CPU
		{8AD53178-CF5C-4612-87AB-8AD7C3540DBE}.Release|Any CPU.ActiveCfg = Release|Any CPU
		{8AD53178-CF5C-4612-87AB-8AD7C3540DBE}.Release|Any CPU.Build.0 = Release|Any CPU
		{E3B32990-A809-42F0-A0BB-F656E2103822}.Debug|Any CPU.ActiveCfg = Debug|Any CPU
		{E3B32990-A809-42F0-A0BB-F656E2103822}.Debug|Any CPU.Build.0 = Debug|Any CPU
		{E3B32990-A809-42F0-A0BB-F656E2103822}.Release|Any CPU.ActiveCfg = Release|Any CPU
		{E3B32990-A809-42F0-A0BB-F656E2103822}.Release|Any CPU.Build.0 = Release|Any CPU
		{95145BDA-6D16-46A8-A151-B2ED6B3B8CF4}.Debug|Any CPU.ActiveCfg = Debug|Any CPU
		{95145BDA-6D16-46A8-A151-B2ED6B3B8CF4}.Debug|Any CPU.Build.0 = Debug|Any CPU
		{95145BDA-6D16-46A8-A151-B2ED6B3B8CF4}.Release|Any CPU.ActiveCfg = Release|Any CPU
		{95145BDA-6D16-46A8-A151-B2ED6B3B8CF4}.Release|Any CPU.Build.0 = Release|Any CPU
		{749CC264-A26A-448B-8437-D7419A8F6578}.Debug|Any CPU.ActiveCfg = Debug|Any CPU
		{749CC264-A26A-448B-8437-D7419A8F6578}.Debug|Any CPU.Build.0 = Debug|Any CPU
		{749CC264-A26A-448B-8437-D7419A8F6578}.Release|Any CPU.ActiveCfg = Release|Any CPU
		{749CC264-A26A-448B-8437-D7419A8F6578}.Release|Any CPU.Build.0 = Release|Any CPU
	EndGlobalSection
	GlobalSection(SolutionProperties) = preSolution
		HideSolutionNode = FALSE
	EndGlobalSection
	GlobalSection(NestedProjects) = preSolution
		{444625E0-3F46-4950-AC3C-0C0E5E101F3D} = {3B7835F0-679D-4921-A3D7-F0814B3BB853}
		{08CACE3C-E6EF-493C-9407-D6ACC22A441A} = {3B7835F0-679D-4921-A3D7-F0814B3BB853}
		{C29373B7-703A-43E2-B082-8F9EAC91C2A8} = {3B7835F0-679D-4921-A3D7-F0814B3BB853}
		{E621A285-163F-4333-9637-2100FA8049C7} = {60200805-CFE2-42E7-A2DD-DC51B5E8E0B3}
		{064BCAC0-53A4-4E70-B615-69CC5CC5D65A} = {60200805-CFE2-42E7-A2DD-DC51B5E8E0B3}
		{72844204-4590-4984-9B6C-70DF67EC5B24} = {B12E8372-6E7F-41A2-A22D-123213DBCC1D}
		{3699C786-71A6-47AE-ADEB-025589FD38D6} = {B12E8372-6E7F-41A2-A22D-123213DBCC1D}
		{3E1B80B8-932C-4E02-B8CF-767E0CE8D652} = {B12E8372-6E7F-41A2-A22D-123213DBCC1D}
		{0A2FE51E-D9E9-47AF-BA45-2C095B51B836} = {B12E8372-6E7F-41A2-A22D-123213DBCC1D}
		{A1A85B9C-BF4B-4FC1-B1E3-56B92AC6939D} = {7A2440F4-3431-43EC-842C-F420B886D769}
		{8AD53178-CF5C-4612-87AB-8AD7C3540DBE} = {7A2440F4-3431-43EC-842C-F420B886D769}
		{E3B32990-A809-42F0-A0BB-F656E2103822} = {7A2440F4-3431-43EC-842C-F420B886D769}
		{95145BDA-6D16-46A8-A151-B2ED6B3B8CF4} = {7A2440F4-3431-43EC-842C-F420B886D769}
		{749CC264-A26A-448B-8437-D7419A8F6578} = {7A2440F4-3431-43EC-842C-F420B886D769}
	EndGlobalSection
	GlobalSection(ExtensibilityGlobals) = postSolution
		SolutionGuid = {5D76FCD6-93B7-4C5D-9C3B-6EBB978E183E}
	EndGlobalSection
EndGlobal
